
Microsoft Visual Studio Solution File, Format Version 12.00
# Visual Studio Version 17
VisualStudioVersion = 17.9.34622.214
MinimumVisualStudioVersion = 10.0.40219.1
Project("{2150E333-8FDC-42A3-9474-1A3956D46DE8}") = "src", "src", "{E5F6E6C8-2E6D-4896-A9DE-894BC40FB98F}"
EndProject
Project("{9A19103F-16F7-4668-BE54-9A1E7A4F7556}") = "Api", "src\Api\Api.csproj", "{849E9632-8EFE-4E0C-AC9C-F77C3F2E4EAF}"
EndProject
Project("{9A19103F-16F7-4668-BE54-9A1E7A4F7556}") = "Application", "src\Application\Application.csproj", "{4BBEF170-A467-41B2-99C6-5529E69A8BC1}"
EndProject
Project("{9A19103F-16F7-4668-BE54-9A1E7A4F7556}") = "Data", "src\Data\Data.csproj", "{661EE22B-664B-4691-BD9D-4F7A0244A64F}"
EndProject
Project("{9A19103F-16F7-4668-BE54-9A1E7A4F7556}") = "Domain", "src\Domain\Domain.csproj", "{054B4A86-4940-4C8D-AD05-49BDAB3D8E3B}"
EndProject
Project("{9A19103F-16F7-4668-BE54-9A1E7A4F7556}") = "Infrastructure", "src\Infrastructure\Infrastructure.csproj", "{C84897C4-7522-4C64-B77C-9E8CFDE2BBCA}"
EndProject
Project("{2150E333-8FDC-42A3-9474-1A3956D46DE8}") = "tests", "tests", "{D4E81AB3-36CF-4CB3-8AE5-78E51AA71BDD}"
EndProject
Project("{2150E333-8FDC-42A3-9474-1A3956D46DE8}") = "docs", "docs", "{E65DAA10-5181-4D6B-9E0A-21046733791B}"
	ProjectSection(SolutionItems) = preProject
		README.md = README.md
	EndProjectSection
EndProject
Global
	GlobalSection(SolutionConfigurationPlatforms) = preSolution
		Debug|Any CPU = Debug|Any CPU
		Release|Any CPU = Release|Any CPU
	EndGlobalSection
	GlobalSection(ProjectConfigurationPlatforms) = postSolution
		{849E9632-8EFE-4E0C-AC9C-F77C3F2E4EAF}.Debug|Any CPU.ActiveCfg = Debug|Any CPU
		{849E9632-8EFE-4E0C-AC9C-F77C3F2E4EAF}.Debug|Any CPU.Build.0 = Debug|Any CPU
		{849E9632-8EFE-4E0C-AC9C-F77C3F2E4EAF}.Release|Any CPU.ActiveCfg = Release|Any CPU
		{849E9632-8EFE-4E0C-AC9C-F77C3F2E4EAF}.Release|Any CPU.Build.0 = Release|Any CPU
		{4BBEF170-A467-41B2-99C6-5529E69A8BC1}.Debug|Any CPU.ActiveCfg = Debug|Any CPU
		{4BBEF170-A467-41B2-99C6-5529E69A8BC1}.Debug|Any CPU.Build.0 = Debug|Any CPU
		{4BBEF170-A467-41B2-99C6-5529E69A8BC1}.Release|Any CPU.ActiveCfg = Release|Any CPU
		{4BBEF170-A467-41B2-99C6-5529E69A8BC1}.Release|Any CPU.Build.0 = Release|Any CPU
		{661EE22B-664B-4691-BD9D-4F7A0244A64F}.Debug|Any CPU.ActiveCfg = Debug|Any CPU
		{661EE22B-664B-4691-BD9D-4F7A0244A64F}.Debug|Any CPU.Build.0 = Debug|Any CPU
		{661EE22B-664B-4691-BD9D-4F7A0244A64F}.Release|Any CPU.ActiveCfg = Release|Any CPU
		{661EE22B-664B-4691-BD9D-4F7A0244A64F}.Release|Any CPU.Build.0 = Release|Any CPU
		{054B4A86-4940-4C8D-AD05-49BDAB3D8E3B}.Debug|Any CPU.ActiveCfg = Debug|Any CPU
		{054B4A86-4940-4C8D-AD05-49BDAB3D8E3B}.Debug|Any CPU.Build.0 = Debug|Any CPU
		{054B4A86-4940-4C8D-AD05-49BDAB3D8E3B}.Release|Any CPU.ActiveCfg = Release|Any CPU
		{054B4A86-4940-4C8D-AD05-49BDAB3D8E3B}.Release|Any CPU.Build.0 = Release|Any CPU
		{C84897C4-7522-4C64-B77C-9E8CFDE2BBCA}.Debug|Any CPU.ActiveCfg = Debug|Any CPU
		{C84897C4-7522-4C64-B77C-9E8CFDE2BBCA}.Debug|Any CPU.Build.0 = Debug|Any CPU
		{C84897C4-7522-4C64-B77C-9E8CFDE2BBCA}.Release|Any CPU.ActiveCfg = Release|Any CPU
		{C84897C4-7522-4C64-B77C-9E8CFDE2BBCA}.Release|Any CPU.Build.0 = Release|Any CPU
	EndGlobalSection
	GlobalSection(SolutionProperties) = preSolution
		HideSolutionNode = FALSE
	EndGlobalSection
	GlobalSection(NestedProjects) = preSolution
		{849E9632-8EFE-4E0C-AC9C-F77C3F2E4EAF} = {E5F6E6C8-2E6D-4896-A9DE-894BC40FB98F}
		{4BBEF170-A467-41B2-99C6-5529E69A8BC1} = {E5F6E6C8-2E6D-4896-A9DE-894BC40FB98F}
		{661EE22B-664B-4691-BD9D-4F7A0244A64F} = {E5F6E6C8-2E6D-4896-A9DE-894BC40FB98F}
		{054B4A86-4940-4C8D-AD05-49BDAB3D8E3B} = {E5F6E6C8-2E6D-4896-A9DE-894BC40FB98F}
		{C84897C4-7522-4C64-B77C-9E8CFDE2BBCA} = {E5F6E6C8-2E6D-4896-A9DE-894BC40FB98F}
	EndGlobalSection
	GlobalSection(ExtensibilityGlobals) = postSolution
		SolutionGuid = {16151393-A0D5-42FF-8699-2F6EEFB753DF}
	EndGlobalSection
EndGlobal
